
Microsoft Visual Studio Solution File, Format Version 12.00
# Visual Studio Version 16
VisualStudioVersion = 16.0.32630.194
MinimumVisualStudioVersion = 10.0.40219.1
Project("{FAE04EC0-301F-11D3-BF4B-00C04F79EFBC}") = "apple web", "apple web\apple web.csproj", "{51C19494-D8AE-4DD6-971E-10DC793D89BD}"
EndProject
Global
	GlobalSection(SolutionConfigurationPlatforms) = preSolution
		Debug|Any CPU = Debug|Any CPU
		Release|Any CPU = Release|Any CPU
	EndGlobalSection
	GlobalSection(ProjectConfigurationPlatforms) = postSolution
		{51C19494-D8AE-4DD6-971E-10DC793D89BD}.Debug|Any CPU.ActiveCfg = Debug|Any CPU
		{51C19494-D8AE-4DD6-971E-10DC793D89BD}.Debug|Any CPU.Build.0 = Debug|Any CPU
		{51C19494-D8AE-4DD6-971E-10DC793D89BD}.Release|Any CPU.ActiveCfg = Release|Any CPU
		{51C19494-D8AE-4DD6-971E-10DC793D89BD}.Release|Any CPU.Build.0 = Release|Any CPU
	EndGlobalSection
	GlobalSection(SolutionProperties) = preSolution
		HideSolutionNode = FALSE
	EndGlobalSection
	GlobalSection(ExtensibilityGlobals) = postSolution
		SolutionGuid = {7E5C5FCC-2EC8-4A02-B1D2-26F179BFB7E1}
	EndGlobalSection
EndGlobal
